
Microsoft Visual Studio Solution File, Format Version 12.00
# Visual Studio Version 16
VisualStudioVersion = 16.0.31402.337
MinimumVisualStudioVersion = 10.0.40219.1
Project("{FAE04EC0-301F-11D3-BF4B-00C04F79EFBC}") = "SleepTrackerUI", "SleepTrackerUI\SleepTrackerUI.csproj", "{9C22F75D-340E-4138-B126-FAB747E4B6F6}"
EndProject
Project("{FAE04EC0-301F-11D3-BF4B-00C04F79EFBC}") = "LoginForm", "LoginForm\LoginForm.csproj", "{8DD0A1F2-D6BB-4913-91B3-A88997568ACD}"
EndProject
Global
	GlobalSection(SolutionConfigurationPlatforms) = preSolution
		Debug|Any CPU = Debug|Any CPU
		Release|Any CPU = Release|Any CPU
	EndGlobalSection
	GlobalSection(ProjectConfigurationPlatforms) = postSolution
		{9C22F75D-340E-4138-B126-FAB747E4B6F6}.Debug|Any CPU.ActiveCfg = Debug|Any CPU
		{9C22F75D-340E-4138-B126-FAB747E4B6F6}.Debug|Any CPU.Build.0 = Debug|Any CPU
		{9C22F75D-340E-4138-B126-FAB747E4B6F6}.Release|Any CPU.ActiveCfg = Release|Any CPU
		{9C22F75D-340E-4138-B126-FAB747E4B6F6}.Release|Any CPU.Build.0 = Release|Any CPU
		{8DD0A1F2-D6BB-4913-91B3-A88997568ACD}.Debug|Any CPU.ActiveCfg = Debug|Any CPU
		{8DD0A1F2-D6BB-4913-91B3-A88997568ACD}.Debug|Any CPU.Build.0 = Debug|Any CPU
		{8DD0A1F2-D6BB-4913-91B3-A88997568ACD}.Release|Any CPU.ActiveCfg = Release|Any CPU
		{8DD0A1F2-D6BB-4913-91B3-A88997568ACD}.Release|Any CPU.Build.0 = Release|Any CPU
	EndGlobalSection
	GlobalSection(SolutionProperties) = preSolution
		HideSolutionNode = FALSE
	EndGlobalSection
	GlobalSection(ExtensibilityGlobals) = postSolution
		SolutionGuid = {108BCEBF-8F09-415B-9C8A-E353DF5E034E}
	EndGlobalSection
EndGlobal
